
Microsoft Visual Studio Solution File, Format Version 12.00
# Visual Studio Version 17
VisualStudioVersion = 17.12.35707.178 d17.12
MinimumVisualStudioVersion = 10.0.40219.1
Project("{FAE04EC0-301F-11D3-BF4B-00C04F79EFBC}") = "ProductManager", "ProductManager\ProductManager.csproj", "{0F017C13-76C4-4D23-B2E4-698382DA653C}"
EndProject
Project("{FAE04EC0-301F-11D3-BF4B-00C04F79EFBC}") = "ProductLibrary", "ProductLibrary\ProductLibrary.csproj", "{57504703-8A62-4EF4-97EF-CD252D7E2851}"
EndProject
Global
	GlobalSection(SolutionConfigurationPlatforms) = preSolution
		Debug|Any CPU = Debug|Any CPU
		Release|Any CPU = Release|Any CPU
	EndGlobalSection
	GlobalSection(ProjectConfigurationPlatforms) = postSolution
		{0F017C13-76C4-4D23-B2E4-698382DA653C}.Debug|Any CPU.ActiveCfg = Debug|Any CPU
		{0F017C13-76C4-4D23-B2E4-698382DA653C}.Debug|Any CPU.Build.0 = Debug|Any CPU
		{0F017C13-76C4-4D23-B2E4-698382DA653C}.Release|Any CPU.ActiveCfg = Release|Any CPU
		{0F017C13-76C4-4D23-B2E4-698382DA653C}.Release|Any CPU.Build.0 = Release|Any CPU
		{57504703-8A62-4EF4-97EF-CD252D7E2851}.Debug|Any CPU.ActiveCfg = Debug|Any CPU
		{57504703-8A62-4EF4-97EF-CD252D7E2851}.Debug|Any CPU.Build.0 = Debug|Any CPU
		{57504703-8A62-4EF4-97EF-CD252D7E2851}.Release|Any CPU.ActiveCfg = Release|Any CPU
		{57504703-8A62-4EF4-97EF-CD252D7E2851}.Release|Any CPU.Build.0 = Release|Any CPU
	EndGlobalSection
	GlobalSection(SolutionProperties) = preSolution
		HideSolutionNode = FALSE
	EndGlobalSection
EndGlobal
